
Microsoft Visual Studio Solution File, Format Version 12.00
# Visual Studio Version 16
VisualStudioVersion = 16.0.31624.102
MinimumVisualStudioVersion = 10.0.40219.1
Project("{FAE04EC0-301F-11D3-BF4B-00C04F79EFBC}") = "8.gyak", "8.gyak\8.gyak.csproj", "{91375584-014B-47A2-B0D9-F829AA996BDF}"
EndProject
Project("{2150E333-8FDC-42A3-9474-1A3956D46DE8}") = "Images", "Images", "{2B47367D-3CC7-44B1-8425-831AE18FC8F9}"
	ProjectSection(SolutionItems) = preProject
		..\..\..\..\Downloads\car.png = ..\..\..\..\Downloads\car.png
	EndProjectSection
EndProject
Global
	GlobalSection(SolutionConfigurationPlatforms) = preSolution
		Debug|Any CPU = Debug|Any CPU
		Release|Any CPU = Release|Any CPU
	EndGlobalSection
	GlobalSection(ProjectConfigurationPlatforms) = postSolution
		{91375584-014B-47A2-B0D9-F829AA996BDF}.Debug|Any CPU.ActiveCfg = Debug|Any CPU
		{91375584-014B-47A2-B0D9-F829AA996BDF}.Debug|Any CPU.Build.0 = Debug|Any CPU
		{91375584-014B-47A2-B0D9-F829AA996BDF}.Release|Any CPU.ActiveCfg = Release|Any CPU
		{91375584-014B-47A2-B0D9-F829AA996BDF}.Release|Any CPU.Build.0 = Release|Any CPU
	EndGlobalSection
	GlobalSection(SolutionProperties) = preSolution
		HideSolutionNode = FALSE
	EndGlobalSection
	GlobalSection(ExtensibilityGlobals) = postSolution
		SolutionGuid = {B37132C9-CA8E-4233-A667-BE000B32F723}
	EndGlobalSection
EndGlobal
