
Microsoft Visual Studio Solution File, Format Version 12.00
# Visual Studio Version 16
VisualStudioVersion = 16.0.31624.102
MinimumVisualStudioVersion = 10.0.40219.1
Project("{FAE04EC0-301F-11D3-BF4B-00C04F79EFBC}") = "Részvények", "Részvények.csproj", "{09D2B4FF-A311-4DB9-8DC3-2F6391507E5E}"
EndProject
Global
	GlobalSection(SolutionConfigurationPlatforms) = preSolution
		Debug|Any CPU = Debug|Any CPU
		Release|Any CPU = Release|Any CPU
	EndGlobalSection
	GlobalSection(ProjectConfigurationPlatforms) = postSolution
		{09D2B4FF-A311-4DB9-8DC3-2F6391507E5E}.Debug|Any CPU.ActiveCfg = Debug|Any CPU
		{09D2B4FF-A311-4DB9-8DC3-2F6391507E5E}.Debug|Any CPU.Build.0 = Debug|Any CPU
		{09D2B4FF-A311-4DB9-8DC3-2F6391507E5E}.Release|Any CPU.ActiveCfg = Release|Any CPU
		{09D2B4FF-A311-4DB9-8DC3-2F6391507E5E}.Release|Any CPU.Build.0 = Release|Any CPU
	EndGlobalSection
	GlobalSection(SolutionProperties) = preSolution
		HideSolutionNode = FALSE
	EndGlobalSection
	GlobalSection(ExtensibilityGlobals) = postSolution
		SolutionGuid = {DF89AE6B-5847-4AA8-A120-A232A4BB20AC}
	EndGlobalSection
EndGlobal
